
Microsoft Visual Studio Solution File, Format Version 12.00
# Visual Studio Version 17
VisualStudioVersion = 17.10.35122.118
MinimumVisualStudioVersion = 10.0.40219.1
Project("{FAE04EC0-301F-11D3-BF4B-00C04F79EFBC}") = "LibreriaVaxi", "LibreriaVaxi\LibreriaVaxi.csproj", "{2C5B9BC9-BBAD-4D10-BA1A-12BEAEFB54B1}"
EndProject
Project("{FAE04EC0-301F-11D3-BF4B-00C04F79EFBC}") = "LibreriaVaxiMSTest", "LibreriaVaxiMSTest\LibreriaVaxiMSTest.csproj", "{430C0F83-813F-4223-8D31-0FAF4FD08B3D}"
EndProject
Global
	GlobalSection(SolutionConfigurationPlatforms) = preSolution
		Debug|Any CPU = Debug|Any CPU
		Release|Any CPU = Release|Any CPU
	EndGlobalSection
	GlobalSection(ProjectConfigurationPlatforms) = postSolution
		{2C5B9BC9-BBAD-4D10-BA1A-12BEAEFB54B1}.Debug|Any CPU.ActiveCfg = Debug|Any CPU
		{2C5B9BC9-BBAD-4D10-BA1A-12BEAEFB54B1}.Debug|Any CPU.Build.0 = Debug|Any CPU
		{2C5B9BC9-BBAD-4D10-BA1A-12BEAEFB54B1}.Release|Any CPU.ActiveCfg = Release|Any CPU
		{2C5B9BC9-BBAD-4D10-BA1A-12BEAEFB54B1}.Release|Any CPU.Build.0 = Release|Any CPU
		{430C0F83-813F-4223-8D31-0FAF4FD08B3D}.Debug|Any CPU.ActiveCfg = Debug|Any CPU
		{430C0F83-813F-4223-8D31-0FAF4FD08B3D}.Debug|Any CPU.Build.0 = Debug|Any CPU
		{430C0F83-813F-4223-8D31-0FAF4FD08B3D}.Release|Any CPU.ActiveCfg = Release|Any CPU
		{430C0F83-813F-4223-8D31-0FAF4FD08B3D}.Release|Any CPU.Build.0 = Release|Any CPU
	EndGlobalSection
	GlobalSection(SolutionProperties) = preSolution
		HideSolutionNode = FALSE
	EndGlobalSection
	GlobalSection(ExtensibilityGlobals) = postSolution
		SolutionGuid = {D1BFCEB5-3B02-4646-BE09-5412438221A9}
	EndGlobalSection
EndGlobal
